
Microsoft Visual Studio Solution File, Format Version 10.00
# Visual C++ Express 2008
Project("{8BC9CEB8-8B4A-11D0-8D11-00A0C91BC942}") = "Shell", "..\shell\Shell.vcproj", "{AF4FF882-AFD9-457B-979E-A5B482388D46}"
EndProject
Project("{8BC9CEB8-8B4A-11D0-8D11-00A0C91BC942}") = "RocketInvaders", "RocketInvaders.vcproj", "{3C58D3B5-9478-4221-954A-01E3C4F1FA89}"
	ProjectSection(ProjectDependencies) = postProject
		{AF4FF882-AFD9-457B-979E-A5B482388D46} = {AF4FF882-AFD9-457B-979E-A5B482388D46}
	EndProjectSection
EndProject
Global
	GlobalSection(SolutionConfigurationPlatforms) = preSolution
		Debug|Win32 = Debug|Win32
		Release|Win32 = Release|Win32
	EndGlobalSection
	GlobalSection(ProjectConfigurationPlatforms) = postSolution
		{AF4FF882-AFD9-457B-979E-A5B482388D46}.Debug|Win32.ActiveCfg = Debug|Win32
		{AF4FF882-AFD9-457B-979E-A5B482388D46}.Debug|Win32.Build.0 = Debug|Win32
		{AF4FF882-AFD9-457B-979E-A5B482388D46}.Release|Win32.ActiveCfg = Release|Win32
		{AF4FF882-AFD9-457B-979E-A5B482388D46}.Release|Win32.Build.0 = Release|Win32
		{3C58D3B5-9478-4221-954A-01E3C4F1FA89}.Debug|Win32.ActiveCfg = Debug|Win32
		{3C58D3B5-9478-4221-954A-01E3C4F1FA89}.Debug|Win32.Build.0 = Debug|Win32
		{3C58D3B5-9478-4221-954A-01E3C4F1FA89}.Release|Win32.ActiveCfg = Release|Win32
		{3C58D3B5-9478-4221-954A-01E3C4F1FA89}.Release|Win32.Build.0 = Release|Win32
	EndGlobalSection
	GlobalSection(SolutionProperties) = preSolution
		HideSolutionNode = FALSE
	EndGlobalSection
EndGlobal
